// !$*UTF8*$!
{
	archiveVersion = 1;
	classes = {
	};
	objectVersion = 50;
	objects = {

/* Begin PBXBuildFile section */
		697F8D26238C53FF0049FACD /* AppDelegate.swift in Sources */ = {isa = PBXBuildFile; fileRef = 697F8D25238C53FF0049FACD /* AppDelegate.swift */; };
		697F8D28238C53FF0049FACD /* SceneDelegate.swift in Sources */ = {isa = PBXBuildFile; fileRef = 697F8D27238C53FF0049FACD /* SceneDelegate.swift */; };
		697F8D2A238C53FF0049FACD /* ContentView.swift in Sources */ = {isa = PBXBuildFile; fileRef = 697F8D29238C53FF0049FACD /* ContentView.swift */; };
		697F8D2C238C54000049FACD /* Assets.xcassets in Resources */ = {isa = PBXBuildFile; fileRef = 697F8D2B238C54000049FACD /* Assets.xcassets */; };
		697F8D2F238C54000049FACD /* Preview Assets.xcassets in Resources */ = {isa = PBXBuildFile; fileRef = 697F8D2E238C54000049FACD /* Preview Assets.xcassets */; };
		697F8D32238C54000049FACD /* LaunchScreen.storyboard in Resources */ = {isa = PBXBuildFile; fileRef = 697F8D30238C54000049FACD /* LaunchScreen.storyboard */; };
		697F8D3B238C54380049FACD /* LinkKit.framework in Frameworks */ = {isa = PBXBuildFile; fileRef = 697F8D3A238C54380049FACD /* LinkKit.framework */; };
		697F8D3C238C54380049FACD /* LinkKit.framework in Embed Frameworks */ = {isa = PBXBuildFile; fileRef = 697F8D3A238C54380049FACD /* LinkKit.framework */; settings = {ATTRIBUTES = (CodeSignOnCopy, RemoveHeadersOnCopy, ); }; };
/* End PBXBuildFile section */

/* Begin PBXCopyFilesBuildPhase section */
		697F8D3D238C54380049FACD /* Embed Frameworks */ = {
			isa = PBXCopyFilesBuildPhase;
			buildActionMask = 2147483647;
			dstPath = "";
			dstSubfolderSpec = 10;
			files = (
				697F8D3C238C54380049FACD /* LinkKit.framework in Embed Frameworks */,
			);
			name = "Embed Frameworks";
			runOnlyForDeploymentPostprocessing = 0;
		};
/* End PBXCopyFilesBuildPhase section */

/* Begin PBXFileReference section */
		697F8D22238C53FF0049FACD /* PlaidLinkSwiftUI.app */ = {isa = PBXFileReference; explicitFileType = wrapper.application; includeInIndex = 0; path = PlaidLinkSwiftUI.app; sourceTree = BUILT_PRODUCTS_DIR; };
		697F8D25238C53FF0049FACD /* AppDelegate.swift */ = {isa = PBXFileReference; lastKnownFileType = sourcecode.swift; path = AppDelegate.swift; sourceTree = "<group>"; };
		697F8D27238C53FF0049FACD /* SceneDelegate.swift */ = {isa = PBXFileReference; lastKnownFileType = sourcecode.swift; path = SceneDelegate.swift; sourceTree = "<group>"; };
		697F8D29238C53FF0049FACD /* ContentView.swift */ = {isa = PBXFileReference; lastKnownFileType = sourcecode.swift; path = ContentView.swift; sourceTree = "<group>"; };
		697F8D2B238C54000049FACD /* Assets.xcassets */ = {isa = PBXFileReference; lastKnownFileType = folder.assetcatalog; path = Assets.xcassets; sourceTree = "<group>"; };
		697F8D2E238C54000049FACD /* Preview Assets.xcassets */ = {isa = PBXFileReference; lastKnownFileType = folder.assetcatalog; path = "Preview Assets.xcassets"; sourceTree = "<group>"; };
		697F8D31238C54000049FACD /* Base */ = {isa = PBXFileReference; lastKnownFileType = file.storyboard; name = Base; path = Base.lproj/LaunchScreen.storyboard; sourceTree = "<group>"; };
		697F8D33238C54000049FACD /* Info.plist */ = {isa = PBXFileReference; lastKnownFileType = text.plist.xml; path = Info.plist; sourceTree = "<group>"; };
		697F8D3A238C54380049FACD /* LinkKit.framework */ = {isa = PBXFileReference; lastKnownFileType = wrapper.framework; name = LinkKit.framework; path = PlaidLinkSwiftUI/LinkKit.framework; sourceTree = "<group>"; };
/* End PBXFileReference section */

/* Begin PBXFrameworksBuildPhase section */
		697F8D1F238C53FF0049FACD /* Frameworks */ = {
			isa = PBXFrameworksBuildPhase;
			buildActionMask = 2147483647;
			files = (
				697F8D3B238C54380049FACD /* LinkKit.framework in Frameworks */,
			);
			runOnlyForDeploymentPostprocessing = 0;
		};
/* End PBXFrameworksBuildPhase section */

/* Begin PBXGroup section */
		697F8D19238C53FF0049FACD = {
			isa = PBXGroup;
			children = (
				697F8D24238C53FF0049FACD /* PlaidLinkSwiftUI */,
				697F8D23238C53FF0049FACD /* Products */,
				697F8D39238C54380049FACD /* Frameworks */,
			);
			sourceTree = "<group>";
		};
		697F8D23238C53FF0049FACD /* Products */ = {
			isa = PBXGroup;
			children = (
				697F8D22238C53FF0049FACD /* PlaidLinkSwiftUI.app */,
			);
			name = Products;
			sourceTree = "<group>";
		};
		697F8D24238C53FF0049FACD /* PlaidLinkSwiftUI */ = {
			isa = PBXGroup;
			children = (
				697F8D25238C53FF0049FACD /* AppDelegate.swift */,
				697F8D27238C53FF0049FACD /* SceneDelegate.swift */,
				697F8D29238C53FF0049FACD /* ContentView.swift */,
				697F8D2B238C54000049FACD /* Assets.xcassets */,
				697F8D30238C54000049FACD /* LaunchScreen.storyboard */,
				697F8D33238C54000049FACD /* Info.plist */,
				697F8D2D238C54000049FACD /* Preview Content */,
			);
			path = PlaidLinkSwiftUI;
			sourceTree = "<group>";
		};
		697F8D2D238C54000049FACD /* Preview Content */ = {
			isa = PBXGroup;
			children = (
				697F8D2E238C54000049FACD /* Preview Assets.xcassets */,
			);
			path = "Preview Content";
			sourceTree = "<group>";
		};
		697F8D39238C54380049FACD /* Frameworks */ = {
			isa = PBXGroup;
			children = (
				697F8D3A238C54380049FACD /* LinkKit.framework */,
			);
			name = Frameworks;
			sourceTree = "<group>";
		};
/* End PBXGroup section */

/* Begin PBXNativeTarget section */
		697F8D21238C53FF0049FACD /* PlaidLinkSwiftUI */ = {
			isa = PBXNativeTarget;
			buildConfigurationList = 697F8D36238C54000049FACD /* Build configuration list for PBXNativeTarget "PlaidLinkSwiftUI" */;
			buildPhases = (
				697F8D1E238C53FF0049FACD /* Sources */,
				697F8D1F238C53FF0049FACD /* Frameworks */,
				697F8D20238C53FF0049FACD /* Resources */,
				697F8D3D238C54380049FACD /* Embed Frameworks */,
			);
			buildRules = (
			);
			dependencies = (
			);
			name = PlaidLinkSwiftUI;
			productName = PlaidLinkSwiftUI;
			productReference = 697F8D22238C53FF0049FACD /* PlaidLinkSwiftUI.app */;
			productType = "com.apple.product-type.application";
		};
/* End PBXNativeTarget section */

/* Begin PBXProject section */
		697F8D1A238C53FF0049FACD /* Project object */ = {
			isa = PBXProject;
			attributes = {
				LastSwiftUpdateCheck = 1120;
				LastUpgradeCheck = 1120;
				ORGANIZATIONNAME = Plaid;
				TargetAttributes = {
					697F8D21238C53FF0049FACD = {
						CreatedOnToolsVersion = 11.2.1;
					};
				};
			};
			buildConfigurationList = 697F8D1D238C53FF0049FACD /* Build configuration list for PBXProject "PlaidLinkSwiftUI" */;
			compatibilityVersion = "Xcode 9.3";
			developmentRegion = en;
			hasScannedForEncodings = 0;
			knownRegions = (
				en,
				Base,
			);
			mainGroup = 697F8D19238C53FF0049FACD;
			productRefGroup = 697F8D23238C53FF0049FACD /* Products */;
			projectDirPath = "";
			projectRoot = "";
			targets = (
				697F8D21238C53FF0049FACD /* PlaidLinkSwiftUI */,
			);
		};
/* End PBXProject section */

/* Begin PBXResourcesBuildPhase section */
		697F8D20238C53FF0049FACD /* Resources */ = {
			isa = PBXResourcesBuildPhase;
			buildActionMask = 2147483647;
			files = (
				697F8D32238C54000049FACD /* LaunchScreen.storyboard in Resources */,
				697F8D2F238C54000049FACD /* Preview Assets.xcassets in Resources */,
				697F8D2C238C54000049FACD /* Assets.xcassets in Resources */,
			);
			runOnlyForDeploymentPostprocessing = 0;
		};
/* End PBXResourcesBuildPhase section */

/* Begin PBXSourcesBuildPhase section */
		697F8D1E238C53FF0049FACD /* Sources */ = {
			isa = PBXSourcesBuildPhase;
			buildActionMask = 2147483647;
			files = (
				697F8D26238C53FF0049FACD /* AppDelegate.swift in Sources */,
				697F8D28238C53FF0049FACD /* SceneDelegate.swift in Sources */,
				697F8D2A238C53FF0049FACD /* ContentView.swift in Sources */,
			);
			runOnlyForDeploymentPostprocessing = 0;
		};
/* End PBXSourcesBuildPhase section */

/* Begin PBXVariantGroup section */
		697F8D30238C54000049FACD /* LaunchScreen.storyboard */ = {
			isa = PBXVariantGroup;
			children = (
				697F8D31238C54000049FACD /* Base */,
			);
			name = LaunchScreen.storyboard;
			sourceTree = "<group>";
		};
/* End PBXVariantGroup section */

/* Begin XCBuildConfiguration section */
		697F8D34238C54000049FACD /* Debug */ = {
			isa = XCBuildConfiguration;
			buildSettings = {
				ALWAYS_SEARCH_USER_PATHS = NO;
				CLANG_ANALYZER_NONNULL = YES;
				CLANG_ANALYZER_NUMBER_OBJECT_CONVERSION = YES_AGGRESSIVE;
				CLANG_CXX_LANGUAGE_STANDARD = "gnu++14";
				CLANG_CXX_LIBRARY = "libc++";
				CLANG_ENABLE_MODULES = YES;
				CLANG_ENABLE_OBJC_ARC = YES;
				CLANG_ENABLE_OBJC_WEAK = YES;
				CLANG_WARN_BLOCK_CAPTURE_AUTORELEASING = YES;
				CLANG_WARN_BOOL_CONVERSION = YES;
				CLANG_WARN_COMMA = YES;
				CLANG_WARN_CONSTANT_CONVERSION = YES;
				CLANG_WARN_DEPRECATED_OBJC_IMPLEMENTATIONS = YES;
				CLANG_WARN_DIRECT_OBJC_ISA_USAGE = YES_ERROR;
				CLANG_WARN_DOCUMENTATION_COMMENTS = YES;
				CLANG_WARN_EMPTY_BODY = YES;
				CLANG_WARN_ENUM_CONVERSION = YES;
				CLANG_WARN_INFINITE_RECURSION = YES;
				CLANG_WARN_INT_CONVERSION = YES;
				CLANG_WARN_NON_LITERAL_NULL_CONVERSION = YES;
				CLANG_WARN_OBJC_IMPLICIT_RETAIN_SELF = YES;
				CLANG_WARN_OBJC_LITERAL_CONVERSION = YES;
				CLANG_WARN_OBJC_ROOT_CLASS = YES_ERROR;
				CLANG_WARN_RANGE_LOOP_ANALYSIS = YES;
				CLANG_WARN_STRICT_PROTOTYPES = YES;
				CLANG_WARN_SUSPICIOUS_MOVE = YES;
				CLANG_WARN_UNGUARDED_AVAILABILITY = YES_AGGRESSIVE;
				CLANG_WARN_UNREACHABLE_CODE = YES;
				CLANG_WARN__DUPLICATE_METHOD_MATCH = YES;
				COPY_PHASE_STRIP = NO;
				DEBUG_INFORMATION_FORMAT = dwarf;
				ENABLE_STRICT_OBJC_MSGSEND = YES;
				ENABLE_TESTABILITY = YES;
				GCC_C_LANGUAGE_STANDARD = gnu11;
				GCC_DYNAMIC_NO_PIC = NO;
				GCC_NO_COMMON_BLOCKS = YES;
				GCC_OPTIMIZATION_LEVEL = 0;
				GCC_PREPROCESSOR_DEFINITIONS = (
					"DEBUG=1",
					"$(inherited)",
				);
				GCC_WARN_64_TO_32_BIT_CONVERSION = YES;
				GCC_WARN_ABOUT_RETURN_TYPE = YES_ERROR;
				GCC_WARN_UNDECLARED_SELECTOR = YES;
				GCC_WARN_UNINITIALIZED_AUTOS = YES_AGGRESSIVE;
				GCC_WARN_UNUSED_FUNCTION = YES;
				GCC_WARN_UNUSED_VARIABLE = YES;
				IPHONEOS_DEPLOYMENT_TARGET = 13.2;
				MTL_ENABLE_DEBUG_INFO = INCLUDE_SOURCE;
				MTL_FAST_MATH = YES;
				ONLY_ACTIVE_ARCH = YES;
				SDKROOT = iphoneos;
				SWIFT_ACTIVE_COMPILATION_CONDITIONS = DEBUG;
				SWIFT_OPTIMIZATION_LEVEL = "-Onone";
			};
			name = Debug;
		};
		697F8D35238C54000049FACD /* Release */ = {
			isa = XCBuildConfiguration;
			buildSettings = {
				ALWAYS_SEARCH_USER_PATHS = NO;
				CLANG_ANALYZER_NONNULL = YES;
				CLANG_ANALYZER_NUMBER_OBJECT_CONVERSION = YES_AGGRESSIVE;
				CLANG_CXX_LANGUAGE_STANDARD = "gnu++14";
				CLANG_CXX_LIBRARY = "libc++";
				CLANG_ENABLE_MODULES = YES;
				CLANG_ENABLE_OBJC_ARC = YES;
				CLANG_ENABLE_OBJC_WEAK = YES;
				CLANG_WARN_BLOCK_CAPTURE_AUTORELEASING = YES;
				CLANG_WARN_BOOL_CONVERSION = YES;
				CLANG_WARN_COMMA = YES;
				CLANG_WARN_CONSTANT_CONVERSION = YES;
				CLANG_WARN_DEPRECATED_OBJC_IMPLEMENTATIONS = YES;
				CLANG_WARN_DIRECT_OBJC_ISA_USAGE = YES_ERROR;
				CLANG_WARN_DOCUMENTATION_COMMENTS = YES;
				CLANG_WARN_EMPTY_BODY = YES;
				CLANG_WARN_ENUM_CONVERSION = YES;
				CLANG_WARN_INFINITE_RECURSION = YES;
				CLANG_WARN_INT_CONVERSION = YES;
				CLANG_WARN_NON_LITERAL_NULL_CONVERSION = YES;
				CLANG_WARN_OBJC_IMPLICIT_RETAIN_SELF = YES;
				CLANG_WARN_OBJC_LITERAL_CONVERSION = YES;
				CLANG_WARN_OBJC_ROOT_CLASS = YES_ERROR;
				CLANG_WARN_RANGE_LOOP_ANALYSIS = YES;
				CLANG_WARN_STRICT_PROTOTYPES = YES;
				CLANG_WARN_SUSPICIOUS_MOVE = YES;
				CLANG_WARN_UNGUARDED_AVAILABILITY = YES_AGGRESSIVE;
				CLANG_WARN_UNREACHABLE_CODE = YES;
				CLANG_WARN__DUPLICATE_METHOD_MATCH = YES;
				COPY_PHASE_STRIP = NO;
				DEBUG_INFORMATION_FORMAT = "dwarf-with-dsym";
				ENABLE_NS_ASSERTIONS = NO;
				ENABLE_STRICT_OBJC_MSGSEND = YES;
				GCC_C_LANGUAGE_STANDARD = gnu11;
				GCC_NO_COMMON_BLOCKS = YES;
				GCC_WARN_64_TO_32_BIT_CONVERSION = YES;
				GCC_WARN_ABOUT_RETURN_TYPE = YES_ERROR;
				GCC_WARN_UNDECLARED_SELECTOR = YES;
				GCC_WARN_UNINITIALIZED_AUTOS = YES_AGGRESSIVE;
				GCC_WARN_UNUSED_FUNCTION = YES;
				GCC_WARN_UNUSED_VARIABLE = YES;
				IPHONEOS_DEPLOYMENT_TARGET = 13.2;
				MTL_ENABLE_DEBUG_INFO = NO;
				MTL_FAST_MATH = YES;
				SDKROOT = iphoneos;
				SWIFT_COMPILATION_MODE = wholemodule;
				SWIFT_OPTIMIZATION_LEVEL = "-O";
				VALIDATE_PRODUCT = YES;
			};
			name = Release;
		};
		697F8D37238C54000049FACD /* Debug */ = {
			isa = XCBuildConfiguration;
			buildSettings = {
				ASSETCATALOG_COMPILER_APPICON_NAME = AppIcon;
				CODE_SIGN_STYLE = Automatic;
				DEVELOPMENT_ASSET_PATHS = "\"PlaidLinkSwiftUI/Preview Content\"";
				ENABLE_PREVIEWS = YES;
				FRAMEWORK_SEARCH_PATHS = (
					"$(inherited)",
					"$(PROJECT_DIR)/PlaidLinkSwiftUI",
				);
				INFOPLIST_FILE = PlaidLinkSwiftUI/Info.plist;
				LD_RUNPATH_SEARCH_PATHS = (
					"$(inherited)",
					"@executable_path/Frameworks",
				);
				PRODUCT_BUNDLE_IDENTIFIER = com.plaid.PlaidLinkSwiftUI;
				PRODUCT_NAME = "$(TARGET_NAME)";
				SWIFT_VERSION = 5.0;
				TARGETED_DEVICE_FAMILY = "1,2";
			};
			name = Debug;
		};
		697F8D38238C54000049FACD /* Release */ = {
			isa = XCBuildConfiguration;
			buildSettings = {
				ASSETCATALOG_COMPILER_APPICON_NAME = AppIcon;
				CODE_SIGN_STYLE = Automatic;
				DEVELOPMENT_ASSET_PATHS = "\"PlaidLinkSwiftUI/Preview Content\"";
				ENABLE_PREVIEWS = YES;
				FRAMEWORK_SEARCH_PATHS = (
					"$(inherited)",
					"$(PROJECT_DIR)/PlaidLinkSwiftUI",
				);
				INFOPLIST_FILE = PlaidLinkSwiftUI/Info.plist;
				LD_RUNPATH_SEARCH_PATHS = (
					"$(inherited)",
					"@executable_path/Frameworks",
				);
				PRODUCT_BUNDLE_IDENTIFIER = com.plaid.PlaidLinkSwiftUI;
				PRODUCT_NAME = "$(TARGET_NAME)";
				SWIFT_VERSION = 5.0;
				TARGETED_DEVICE_FAMILY = "1,2";
			};
			name = Release;
		};
/* End XCBuildConfiguration section */

/* Begin XCConfigurationList section */
		697F8D1D238C53FF0049FACD /* Build configuration list for PBXProject "PlaidLinkSwiftUI" */ = {
			isa = XCConfigurationList;
			buildConfigurations = (
				697F8D34238C54000049FACD /* Debug */,
				697F8D35238C54000049FACD /* Release */,
			);
			defaultConfigurationIsVisible = 0;
			defaultConfigurationName = Release;
		};
		697F8D36238C54000049FACD /* Build configuration list for PBXNativeTarget "PlaidLinkSwiftUI" */ = {
			isa = XCConfigurationList;
			buildConfigurations = (
				697F8D37238C54000049FACD /* Debug */,
				697F8D38238C54000049FACD /* Release */,
			);
			defaultConfigurationIsVisible = 0;
			defaultConfigurationName = Release;
		};
/* End XCConfigurationList section */
	};
	rootObject = 697F8D1A238C53FF0049FACD /* Project object */;
}
